
Microsoft Visual Studio Solution File, Format Version 12.00
# Visual Studio Express 15 for Windows Desktop
VisualStudioVersion = 15.0.27703.2035
MinimumVisualStudioVersion = 10.0.40219.1
Project("{00D1A9C2-B5F0-4AF3-8072-F6C62B433612}") = "Database1", "Database1\Database1.sqlproj", "{AF6DD7B6-5B23-49E2-A2AA-322D296C64C8}"
EndProject
Global
	GlobalSection(SolutionConfigurationPlatforms) = preSolution
		Debug|Any CPU = Debug|Any CPU
		Release|Any CPU = Release|Any CPU
	EndGlobalSection
	GlobalSection(ProjectConfigurationPlatforms) = postSolution
		{AF6DD7B6-5B23-49E2-A2AA-322D296C64C8}.Debug|Any CPU.ActiveCfg = Debug|Any CPU
		{AF6DD7B6-5B23-49E2-A2AA-322D296C64C8}.Debug|Any CPU.Build.0 = Debug|Any CPU
		{AF6DD7B6-5B23-49E2-A2AA-322D296C64C8}.Debug|Any CPU.Deploy.0 = Debug|Any CPU
		{AF6DD7B6-5B23-49E2-A2AA-322D296C64C8}.Release|Any CPU.ActiveCfg = Release|Any CPU
		{AF6DD7B6-5B23-49E2-A2AA-322D296C64C8}.Release|Any CPU.Build.0 = Release|Any CPU
		{AF6DD7B6-5B23-49E2-A2AA-322D296C64C8}.Release|Any CPU.Deploy.0 = Release|Any CPU
	EndGlobalSection
	GlobalSection(SolutionProperties) = preSolution
		HideSolutionNode = FALSE
	EndGlobalSection
	GlobalSection(ExtensibilityGlobals) = postSolution
		SolutionGuid = {A697B55F-01F4-4B91-AD89-5B539EF605F2}
	EndGlobalSection
EndGlobal
