
Microsoft Visual Studio Solution File, Format Version 12.00
# Visual Studio 15
VisualStudioVersion = 15.0.28307.421
MinimumVisualStudioVersion = 10.0.40219.1
Project("{FAE04EC0-301F-11D3-BF4B-00C04F79EFBC}") = "WindowsFormsApp1", "WindowsFormsApp1\WindowsFormsApp1.csproj", "{261EFC75-7BAF-410B-B94C-627D4E019483}"
EndProject
Global
	GlobalSection(SolutionConfigurationPlatforms) = preSolution
		Debug|Any CPU = Debug|Any CPU
		Release|Any CPU = Release|Any CPU
	EndGlobalSection
	GlobalSection(ProjectConfigurationPlatforms) = postSolution
		{261EFC75-7BAF-410B-B94C-627D4E019483}.Debug|Any CPU.ActiveCfg = Debug|Any CPU
		{261EFC75-7BAF-410B-B94C-627D4E019483}.Debug|Any CPU.Build.0 = Debug|Any CPU
		{261EFC75-7BAF-410B-B94C-627D4E019483}.Release|Any CPU.ActiveCfg = Release|Any CPU
		{261EFC75-7BAF-410B-B94C-627D4E019483}.Release|Any CPU.Build.0 = Release|Any CPU
	EndGlobalSection
	GlobalSection(SolutionProperties) = preSolution
		HideSolutionNode = FALSE
	EndGlobalSection
	GlobalSection(ExtensibilityGlobals) = postSolution
		SolutionGuid = {BF04B039-EA35-4466-9CA1-3CB248E112C3}
	EndGlobalSection
EndGlobal
